
Microsoft Visual Studio Solution File, Format Version 12.00
# Visual Studio Version 16
VisualStudioVersion = 25.0.1706.6
MinimumVisualStudioVersion = 10.0.40219.1
Project("{FAE04EC0-301F-11D3-BF4B-00C04F79EFBC}") = "NextGaming", "Murlocs Digital Game Store\NextGaming.csproj", "{16400779-92E6-43D9-9D96-D9D4FBF349F0}"
EndProject
Project("{FAE04EC0-301F-11D3-BF4B-00C04F79EFBC}") = "NexGamingIntegrationTest", "NexGamingIntegrationTest\NexGamingIntegrationTest.csproj", "{05D3A480-CF8B-44A7-BE0F-D4F5DA48D2D5}"
EndProject
Project("{FAE04EC0-301F-11D3-BF4B-00C04F79EFBC}") = "NextGamingMockTest", "NextGamingMockTest\NextGamingMockTest.csproj", "{F9CCC584-431F-45DE-A866-45BA500D8F01}"
EndProject
Global
	GlobalSection(SolutionConfigurationPlatforms) = preSolution
		Debug|Any CPU = Debug|Any CPU
		Release|Any CPU = Release|Any CPU
	EndGlobalSection
	GlobalSection(ProjectConfigurationPlatforms) = postSolution
		{16400779-92E6-43D9-9D96-D9D4FBF349F0}.Debug|Any CPU.ActiveCfg = Debug|Any CPU
		{16400779-92E6-43D9-9D96-D9D4FBF349F0}.Debug|Any CPU.Build.0 = Debug|Any CPU
		{16400779-92E6-43D9-9D96-D9D4FBF349F0}.Release|Any CPU.ActiveCfg = Release|Any CPU
		{16400779-92E6-43D9-9D96-D9D4FBF349F0}.Release|Any CPU.Build.0 = Release|Any CPU
		{05D3A480-CF8B-44A7-BE0F-D4F5DA48D2D5}.Debug|Any CPU.ActiveCfg = Debug|Any CPU
		{05D3A480-CF8B-44A7-BE0F-D4F5DA48D2D5}.Debug|Any CPU.Build.0 = Debug|Any CPU
		{05D3A480-CF8B-44A7-BE0F-D4F5DA48D2D5}.Release|Any CPU.ActiveCfg = Release|Any CPU
		{05D3A480-CF8B-44A7-BE0F-D4F5DA48D2D5}.Release|Any CPU.Build.0 = Release|Any CPU
		{F9CCC584-431F-45DE-A866-45BA500D8F01}.Debug|Any CPU.ActiveCfg = Debug|Any CPU
		{F9CCC584-431F-45DE-A866-45BA500D8F01}.Debug|Any CPU.Build.0 = Debug|Any CPU
		{F9CCC584-431F-45DE-A866-45BA500D8F01}.Release|Any CPU.ActiveCfg = Release|Any CPU
		{F9CCC584-431F-45DE-A866-45BA500D8F01}.Release|Any CPU.Build.0 = Release|Any CPU
	EndGlobalSection
	GlobalSection(SolutionProperties) = preSolution
		HideSolutionNode = FALSE
	EndGlobalSection
	GlobalSection(ExtensibilityGlobals) = postSolution
		SolutionGuid = {DE043A3E-7CC2-4D0A-A9FA-BF244F918444}
	EndGlobalSection
EndGlobal
